
Microsoft Visual Studio Solution File, Format Version 12.00
# Visual Studio Version 17
VisualStudioVersion = 17.5.002.0
MinimumVisualStudioVersion = 10.0.40219.1
Project("{9A19103F-16F7-4668-BE54-9A1E7A4F7556}") = "RabbitMQPOC", "RabbitMQPOC.csproj", "{D85BD93F-F1AC-46FD-9CEA-C7496F526B8A}"
EndProject
Global
	GlobalSection(SolutionConfigurationPlatforms) = preSolution
		Debug|Any CPU = Debug|Any CPU
		Release|Any CPU = Release|Any CPU
	EndGlobalSection
	GlobalSection(ProjectConfigurationPlatforms) = postSolution
		{D85BD93F-F1AC-46FD-9CEA-C7496F526B8A}.Debug|Any CPU.ActiveCfg = Debug|Any CPU
		{D85BD93F-F1AC-46FD-9CEA-C7496F526B8A}.Debug|Any CPU.Build.0 = Debug|Any CPU
		{D85BD93F-F1AC-46FD-9CEA-C7496F526B8A}.Release|Any CPU.ActiveCfg = Release|Any CPU
		{D85BD93F-F1AC-46FD-9CEA-C7496F526B8A}.Release|Any CPU.Build.0 = Release|Any CPU
	EndGlobalSection
	GlobalSection(SolutionProperties) = preSolution
		HideSolutionNode = FALSE
	EndGlobalSection
	GlobalSection(ExtensibilityGlobals) = postSolution
		SolutionGuid = {ADE2E0C8-663E-4BD3-A76C-EFF1A892071F}
	EndGlobalSection
EndGlobal
